
Microsoft Visual Studio Solution File, Format Version 12.00
# Visual Studio Version 17
VisualStudioVersion = 17.4.33122.133
MinimumVisualStudioVersion = 10.0.40219.1
Project("{FAE04EC0-301F-11D3-BF4B-00C04F79EFBC}") = "Booking", "Booking.csproj", "{3C48D130-7B50-44E2-BCC0-C44AC7D13AA7}"
EndProject
Global
	GlobalSection(SolutionConfigurationPlatforms) = preSolution
		Debug|Any CPU = Debug|Any CPU
		Release|Any CPU = Release|Any CPU
	EndGlobalSection
	GlobalSection(ProjectConfigurationPlatforms) = postSolution
		{3C48D130-7B50-44E2-BCC0-C44AC7D13AA7}.Debug|Any CPU.ActiveCfg = Debug|Any CPU
		{3C48D130-7B50-44E2-BCC0-C44AC7D13AA7}.Debug|Any CPU.Build.0 = Debug|Any CPU
		{3C48D130-7B50-44E2-BCC0-C44AC7D13AA7}.Release|Any CPU.ActiveCfg = Release|Any CPU
		{3C48D130-7B50-44E2-BCC0-C44AC7D13AA7}.Release|Any CPU.Build.0 = Release|Any CPU
	EndGlobalSection
	GlobalSection(SolutionProperties) = preSolution
		HideSolutionNode = FALSE
	EndGlobalSection
	GlobalSection(ExtensibilityGlobals) = postSolution
		SolutionGuid = {E3BAAA42-5648-4C37-82CE-C36B319404B7}
	EndGlobalSection
EndGlobal
